
Microsoft Visual Studio Solution File, Format Version 12.00
# Visual Studio Version 17
VisualStudioVersion = 17.4.33205.214
MinimumVisualStudioVersion = 10.0.40219.1
Project("{FAE04EC0-301F-11D3-BF4B-00C04F79EFBC}") = "SendEmailAPI", "SendEmailAPI\SendEmailAPI.csproj", "{756F9AFD-EF8A-473E-93A8-2E5156C0BDCE}"
EndProject
Global
	GlobalSection(SolutionConfigurationPlatforms) = preSolution
		Debug|Any CPU = Debug|Any CPU
		Release|Any CPU = Release|Any CPU
	EndGlobalSection
	GlobalSection(ProjectConfigurationPlatforms) = postSolution
		{756F9AFD-EF8A-473E-93A8-2E5156C0BDCE}.Debug|Any CPU.ActiveCfg = Debug|Any CPU
		{756F9AFD-EF8A-473E-93A8-2E5156C0BDCE}.Debug|Any CPU.Build.0 = Debug|Any CPU
		{756F9AFD-EF8A-473E-93A8-2E5156C0BDCE}.Release|Any CPU.ActiveCfg = Release|Any CPU
		{756F9AFD-EF8A-473E-93A8-2E5156C0BDCE}.Release|Any CPU.Build.0 = Release|Any CPU
	EndGlobalSection
	GlobalSection(SolutionProperties) = preSolution
		HideSolutionNode = FALSE
	EndGlobalSection
	GlobalSection(ExtensibilityGlobals) = postSolution
		SolutionGuid = {BD2199D7-6671-4DC0-9DAC-7B82DD78BF57}
	EndGlobalSection
EndGlobal
